# THIS IS AN AUTOGENERATED FILE. DO NOT EDIT THIS FILE DIRECTLY.
# yarn lockfile v1


"@babel/helper-validator-identifier@^7.14.5":
  version "7.14.5"
  resolved "https://registry.yarnpkg.com/@babel/helper-validator-identifier/-/helper-validator-identifier-7.14.5.tgz#d0f0e277c512e0c938277faa85a3968c9a44c0e8"
  integrity sha512-5lsetuxCLilmVGyiLEfoHBRX8UCFD+1m2x3Rj97WrW3V7H3u4RWRXA4evMjImCsin2J2YT0QaVDGf+z8ondbAg==

"@babel/parser@^7.1.0":
  version "7.14.7"
  resolved "https://registry.yarnpkg.com/@babel/parser/-/parser-7.14.7.tgz#6099720c8839ca865a2637e6c85852ead0bdb595"
  integrity sha512-X67Z5y+VBJuHB/RjwECp8kSl5uYi0BvRbNeWqkaJCVh+LiTPl19WBUfG627psSgp9rSf6ojuXghQM3ha6qHHdA==

"@babel/types@^7.0.0", "@babel/types@^7.3.0":
  version "7.14.5"
  resolved "https://registry.yarnpkg.com/@babel/types/-/types-7.14.5.tgz#3bb997ba829a2104cedb20689c4a5b8121d383ff"
  integrity sha512-M/NzBpEL95I5Hh4dwhin5JlE7EzO5PHMAuzjxss3tiOBD46KfQvVedN/3jEPZvdRvtsK2222XfdHogNIttFgcg==
  dependencies:
    "@babel/helper-validator-identifier" "^7.14.5"
    to-fast-properties "^2.0.0"

"@types/babel__core@^7.1.14":
  version "7.1.15"
  resolved "https://registry.yarnpkg.com/@types/babel__core/-/babel__core-7.1.15.tgz#2ccfb1ad55a02c83f8e0ad327cbc332f55eb1024"
  integrity sha512-bxlMKPDbY8x5h6HBwVzEOk2C8fb6SLfYQ5Jw3uBYuYF1lfWk/kbLd81la82vrIkBb0l+JdmrZaDikPrNxpS/Ew==
  dependencies:
    "@babel/parser" "^7.1.0"
    "@babel/types" "^7.0.0"
    "@types/babel__generator" "*"
    "@types/babel__template" "*"
    "@types/babel__traverse" "*"

"@types/babel__generator@*":
  version "7.6.3"
  resolved "https://registry.yarnpkg.com/@types/babel__generator/-/babel__generator-7.6.3.tgz#f456b4b2ce79137f768aa130d2423d2f0ccfaba5"
  integrity sha512-/GWCmzJWqV7diQW54smJZzWbSFf4QYtF71WCKhcx6Ru/tFyQIY2eiiITcCAeuPbNSvT9YCGkVMqqvSk2Z0mXiA==
  dependencies:
    "@babel/types" "^7.0.0"

"@types/babel__template@*":
  version "7.4.1"
  resolved "https://registry.yarnpkg.com/@types/babel__template/-/babel__template-7.4.1.tgz#3d1a48fd9d6c0edfd56f2ff578daed48f36c8969"
  integrity sha512-azBFKemX6kMg5Io+/rdGT0dkGreboUVR0Cdm3fz9QJWpaQGJRQXl7C+6hOTCZcMll7KFyEQpgbYI2lHdsS4U7g==
  dependencies:
    "@babel/parser" "^7.1.0"
    "@babel/types" "^7.0.0"

"@types/babel__traverse@*":
  version "7.14.2"
  resolved "https://registry.yarnpkg.com/@types/babel__traverse/-/babel__traverse-7.14.2.tgz#ffcd470bbb3f8bf30481678fb5502278ca833a43"
  integrity sha512-K2waXdXBi2302XUdcHcR1jCeU0LL4TD9HRs/gk0N2Xvrht+G/BfJa4QObBQZfhMdxiCpV3COl5Nfq4uKTeTnJA==
  dependencies:
    "@babel/types" "^7.3.0"

atob@^2.1.2:
  version "2.1.2"
  resolved "https://registry.yarnpkg.com/atob/-/atob-2.1.2.tgz#6d9517eb9e030d2436666651e86bd9f6f13533c9"
  integrity sha512-Wm6ukoaOGJi/73p/cl2GvLjTI5JM1k/O14isD73YML8StrH/7/lRFgmg8nICZgD3bZZvjwCGxtMOD3wWNAu8cg==

camelize@^1.0.0:
  version "1.0.0"
  resolved "https://registry.yarnpkg.com/camelize/-/camelize-1.0.0.tgz#164a5483e630fa4321e5af07020e531831b2609b"
  integrity sha1-FkpUg+Yw+kMh5a8HAg5TGDGyYJs=

css-color-keywords@^1.0.0:
  version "1.0.0"
  resolved "https://registry.yarnpkg.com/css-color-keywords/-/css-color-keywords-1.0.0.tgz#fea2616dc676b2962686b3af8dbdbe180b244e05"
  integrity sha1-/qJhbcZ2spYmhrOvjb2+GAskTgU=

css-mediaquery@^0.1.2:
  version "0.1.2"
  resolved "https://registry.yarnpkg.com/css-mediaquery/-/css-mediaquery-0.1.2.tgz#6a2c37344928618631c54bd33cedd301da18bea0"
  integrity sha1-aiw3NEkoYYYxxUvTPO3TAdoYvqA=

css@^2.2.4:
  version "2.2.4"
  resolved "https://registry.yarnpkg.com/css/-/css-2.2.4.tgz#c646755c73971f2bba6a601e2cf2fd71b1298929"
  integrity sha512-oUnjmWpy0niI3x/mPL8dVEI1l7MnG3+HHyRPHf+YFSbK+svOhXpmSOcDURUh2aOCgl2grzrOPt1nHLuCVFULLw==
  dependencies:
    inherits "^2.0.3"
    source-map "^0.6.1"
    source-map-resolve "^0.5.2"
    urix "^0.1.0"

decode-uri-component@^0.2.0:
  version "0.2.0"
  resolved "https://registry.yarnpkg.com/decode-uri-component/-/decode-uri-component-0.2.0.tgz#eb3913333458775cb84cd1a1fae062106bb87545"
  integrity sha1-6zkTMzRYd1y4TNGh+uBiEGu4dUU=

inherits@^2.0.3:
  version "2.0.4"
  resolved "https://registry.yarnpkg.com/inherits/-/inherits-2.0.4.tgz#0fa2c64f932917c3433a0ded55363aae37416b7c"
  integrity sha512-k/vGaX4/Yla3WzyMCvTQOXYeIHvqOKtnqBduzTHpzpQZzAskKMhZ2K+EnBiSM9zGSoIFeMpXKxa4dYeZIQqewQ==

postcss-value-parser@^3.3.0:
  version "3.3.1"
  resolved "https://registry.yarnpkg.com/postcss-value-parser/-/postcss-value-parser-3.3.1.tgz#9ff822547e2893213cf1c30efa51ac5fd1ba8281"
  integrity sha512-pISE66AbVkp4fDQ7VHBwRNXzAAKJjw4Vw7nWI/+Q3vuly7SNfgYXvm6i5IgFylHGK5sP/xHAbB7N49OS4gWNyQ==

resolve-url@^0.2.1:
  version "0.2.1"
  resolved "https://registry.yarnpkg.com/resolve-url/-/resolve-url-0.2.1.tgz#2c637fe77c893afd2a663fe21aa9080068e2052a"
  integrity sha1-LGN/53yJOv0qZj/iGqkIAGjiBSo=

source-map-resolve@^0.5.2:
  version "0.5.3"
  resolved "https://registry.yarnpkg.com/source-map-resolve/-/source-map-resolve-0.5.3.tgz#190866bece7553e1f8f267a2ee82c606b5509a1a"
  integrity sha512-Htz+RnsXWk5+P2slx5Jh3Q66vhQj1Cllm0zvnaY98+NFx+Dv2CF/f5O/t8x+KaNdrdIAsruNzoh/KpialbqAnw==
  dependencies:
    atob "^2.1.2"
    decode-uri-component "^0.2.0"
    resolve-url "^0.2.1"
    source-map-url "^0.4.0"
    urix "^0.1.0"

source-map-url@^0.4.0:
  version "0.4.1"
  resolved "https://registry.yarnpkg.com/source-map-url/-/source-map-url-0.4.1.tgz#0af66605a745a5a2f91cf1bbf8a7afbc283dec56"
  integrity sha512-cPiFOTLUKvJFIg4SKVScy4ilPPW6rFgMgfuZJPNoDuMs3nC1HbMUycBoJw77xFIp6z1UJQJOfx6C9GMH80DiTw==

source-map@^0.6.1:
  version "0.6.1"
  resolved "https://registry.yarnpkg.com/source-map/-/source-map-0.6.1.tgz#74722af32e9614e9c287a8d0bbde48b5e2f1a263"
  integrity sha512-UjgapumWlbMhkBgzT7Ykc5YXUT46F0iKu8SGXq0bcwP5dz/h0Plj6enJqjz1Zbq2l5WaqYnrVbwWOWMyF3F47g==

taro-css-to-react-native@3.3.3:
  version "3.3.3"
  resolved "https://registry.yarnpkg.com/taro-css-to-react-native/-/taro-css-to-react-native-3.3.3.tgz#7f6511f10047501b0c85be763cdffee2fc43a34d"
  integrity sha512-q6N0yubFf0KdlDygJAle/SbQyeiP0NbY9zvXcQ4yuOPvPnMtKoshGwnrpTb0FfzGGznOxozDfzr71xf6g67fMg==
  dependencies:
    camelize "^1.0.0"
    css "^2.2.4"
    css-color-keywords "^1.0.0"
    css-mediaquery "^0.1.2"
    postcss-value-parser "^3.3.0"

to-fast-properties@^2.0.0:
  version "2.0.0"
  resolved "https://registry.yarnpkg.com/to-fast-properties/-/to-fast-properties-2.0.0.tgz#dc5e698cbd079265bc73e0377681a4e4e83f616e"
  integrity sha1-3F5pjL0HkmW8c+A3doGk5Og/YW4=

urix@^0.1.0:
  version "0.1.0"
  resolved "https://registry.yarnpkg.com/urix/-/urix-0.1.0.tgz#da937f7a62e21fec1fd18d49b35c2935067a6c72"
  integrity sha1-2pN/emLiH+wf0Y1Js1wpNQZ6bHI=
